// !$*UTF8*$!
{
	archiveVersion = 1;
	classes = {
	};
	objectVersion = 46;
	objects = {

/* Begin PBXBuildFile section */
		525FD1D41BC4D4B2006A2060 /* AppDelegate.swift in Sources */ = {isa = PBXBuildFile; fileRef = 525FD1D31BC4D4B2006A2060 /* AppDelegate.swift */; };
		525FD1D61BC4D4B2006A2060 /* ViewController.swift in Sources */ = {isa = PBXBuildFile; fileRef = 525FD1D51BC4D4B2006A2060 /* ViewController.swift */; };
		525FD1D91BC4D4B2006A2060 /* Main.storyboard in Resources */ = {isa = PBXBuildFile; fileRef = 525FD1D71BC4D4B2006A2060 /* Main.storyboard */; };
		525FD1DB1BC4D4B2006A2060 /* Assets.xcassets in Resources */ = {isa = PBXBuildFile; fileRef = 525FD1DA1BC4D4B2006A2060 /* Assets.xcassets */; };
		525FD1DE1BC4D4B2006A2060 /* LaunchScreen.storyboard in Resources */ = {isa = PBXBuildFile; fileRef = 525FD1DC1BC4D4B2006A2060 /* LaunchScreen.storyboard */; };
/* End PBXBuildFile section */

/* Begin PBXFileReference section */
		525FD1D01BC4D4B2006A2060 /* TableViewCellInsertAnimation.app */ = {isa = PBXFileReference; explicitFileType = wrapper.application; includeInIndex = 0; path = TableViewCellInsertAnimation.app; sourceTree = BUILT_PRODUCTS_DIR; };
		525FD1D31BC4D4B2006A2060 /* AppDelegate.swift */ = {isa = PBXFileReference; lastKnownFileType = sourcecode.swift; path = AppDelegate.swift; sourceTree = "<group>"; };
		525FD1D51BC4D4B2006A2060 /* ViewController.swift */ = {isa = PBXFileReference; lastKnownFileType = sourcecode.swift; path = ViewController.swift; sourceTree = "<group>"; };
		525FD1D81BC4D4B2006A2060 /* Base */ = {isa = PBXFileReference; lastKnownFileType = file.storyboard; name = Base; path = Base.lproj/Main.storyboard; sourceTree = "<group>"; };
		525FD1DA1BC4D4B2006A2060 /* Assets.xcassets */ = {isa = PBXFileReference; lastKnownFileType = folder.assetcatalog; path = Assets.xcassets; sourceTree = "<group>"; };
		525FD1DD1BC4D4B2006A2060 /* Base */ = {isa = PBXFileReference; lastKnownFileType = file.storyboard; name = Base; path = Base.lproj/LaunchScreen.storyboard; sourceTree = "<group>"; };
		525FD1DF1BC4D4B2006A2060 /* Info.plist */ = {isa = PBXFileReference; lastKnownFileType = text.plist.xml; path = Info.plist; sourceTree = "<group>"; };
/* End PBXFileReference section */

/* Begin PBXFrameworksBuildPhase section */
		525FD1CD1BC4D4B2006A2060 /* Frameworks */ = {
			isa = PBXFrameworksBuildPhase;
			buildActionMask = 2147483647;
			files = (
			);
			runOnlyForDeploymentPostprocessing = 0;
		};
/* End PBXFrameworksBuildPhase section */

/* Begin PBXGroup section */
		525FD1C71BC4D4B2006A2060 = {
			isa = PBXGroup;
			children = (
				525FD1D21BC4D4B2006A2060 /* TableViewCellInsertAnimation */,
				525FD1D11BC4D4B2006A2060 /* Products */,
			);
			sourceTree = "<group>";
		};
		525FD1D11BC4D4B2006A2060 /* Products */ = {
			isa = PBXGroup;
			children = (
				525FD1D01BC4D4B2006A2060 /* TableViewCellInsertAnimation.app */,
			);
			name = Products;
			sourceTree = "<group>";
		};
		525FD1D21BC4D4B2006A2060 /* TableViewCellInsertAnimation */ = {
			isa = PBXGroup;
			children = (
				525FD1D31BC4D4B2006A2060 /* AppDelegate.swift */,
				525FD1D51BC4D4B2006A2060 /* ViewController.swift */,
				525FD1D71BC4D4B2006A2060 /* Main.storyboard */,
				525FD1DA1BC4D4B2006A2060 /* Assets.xcassets */,
				525FD1DC1BC4D4B2006A2060 /* LaunchScreen.storyboard */,
				525FD1DF1BC4D4B2006A2060 /* Info.plist */,
			);
			path = TableViewCellInsertAnimation;
			sourceTree = "<group>";
		};
/* End PBXGroup section */

/* Begin PBXNativeTarget section */
		525FD1CF1BC4D4B2006A2060 /* TableViewCellInsertAnimation */ = {
			isa = PBXNativeTarget;
			buildConfigurationList = 525FD1E21BC4D4B2006A2060 /* Build configuration list for PBXNativeTarget "TableViewCellInsertAnimation" */;
			buildPhases = (
				525FD1CC1BC4D4B2006A2060 /* Sources */,
				525FD1CD1BC4D4B2006A2060 /* Frameworks */,
				525FD1CE1BC4D4B2006A2060 /* Resources */,
			);
			buildRules = (
			);
			dependencies = (
			);
			name = TableViewCellInsertAnimation;
			productName = TableViewCellInsertAnimation;
			productReference = 525FD1D01BC4D4B2006A2060 /* TableViewCellInsertAnimation.app */;
			productType = "com.apple.product-type.application";
		};
/* End PBXNativeTarget section */

/* Begin PBXProject section */
		525FD1C81BC4D4B2006A2060 /* Project object */ = {
			isa = PBXProject;
			attributes = {
				LastUpgradeCheck = 0700;
				ORGANIZATIONNAME = johnregner;
				TargetAttributes = {
					525FD1CF1BC4D4B2006A2060 = {
						CreatedOnToolsVersion = 7.0.1;
					};
				};
			};
			buildConfigurationList = 525FD1CB1BC4D4B2006A2060 /* Build configuration list for PBXProject "TableViewCellInsertAnimation" */;
			compatibilityVersion = "Xcode 3.2";
			developmentRegion = English;
			hasScannedForEncodings = 0;
			knownRegions = (
				en,
				Base,
			);
			mainGroup = 525FD1C71BC4D4B2006A2060;
			productRefGroup = 525FD1D11BC4D4B2006A2060 /* Products */;
			projectDirPath = "";
			projectRoot = "";
			targets = (
				525FD1CF1BC4D4B2006A2060 /* TableViewCellInsertAnimation */,
			);
		};
/* End PBXProject section */

/* Begin PBXResourcesBuildPhase section */
		525FD1CE1BC4D4B2006A2060 /* Resources */ = {
			isa = PBXResourcesBuildPhase;
			buildActionMask = 2147483647;
			files = (
				525FD1DE1BC4D4B2006A2060 /* LaunchScreen.storyboard in Resources */,
				525FD1DB1BC4D4B2006A2060 /* Assets.xcassets in Resources */,
				525FD1D91BC4D4B2006A2060 /* Main.storyboard in Resources */,
			);
			runOnlyForDeploymentPostprocessing = 0;
		};
/* End PBXResourcesBuildPhase section */

/* Begin PBXSourcesBuildPhase section */
		525FD1CC1BC4D4B2006A2060 /* Sources */ = {
			isa = PBXSourcesBuildPhase;
			buildActionMask = 2147483647;
			files = (
				525FD1D61BC4D4B2006A2060 /* ViewController.swift in Sources */,
				525FD1D41BC4D4B2006A2060 /* AppDelegate.swift in Sources */,
			);
			runOnlyForDeploymentPostprocessing = 0;
		};
/* End PBXSourcesBuildPhase section */

/* Begin PBXVariantGroup section */
		525FD1D71BC4D4B2006A2060 /* Main.storyboard */ = {
			isa = PBXVariantGroup;
			children = (
				525FD1D81BC4D4B2006A2060 /* Base */,
			);
			name = Main.storyboard;
			sourceTree = "<group>";
		};
		525FD1DC1BC4D4B2006A2060 /* LaunchScreen.storyboard */ = {
			isa = PBXVariantGroup;
			children = (
				525FD1DD1BC4D4B2006A2060 /* Base */,
			);
			name = LaunchScreen.storyboard;
			sourceTree = "<group>";
		};
/* End PBXVariantGroup section */

/* Begin XCBuildConfiguration section */
		525FD1E01BC4D4B2006A2060 /* Debug */ = {
			isa = XCBuildConfiguration;
			buildSettings = {
				ALWAYS_SEARCH_USER_PATHS = NO;
				CLANG_CXX_LANGUAGE_STANDARD = "gnu++0x";
				CLANG_CXX_LIBRARY = "libc++";
				CLANG_ENABLE_MODULES = YES;
				CLANG_ENABLE_OBJC_ARC = YES;
				CLANG_WARN_BOOL_CONVERSION = YES;
				CLANG_WARN_CONSTANT_CONVERSION = YES;
				CLANG_WARN_DIRECT_OBJC_ISA_USAGE = YES_ERROR;
				CLANG_WARN_EMPTY_BODY = YES;
				CLANG_WARN_ENUM_CONVERSION = YES;
				CLANG_WARN_INT_CONVERSION = YES;
				CLANG_WARN_OBJC_ROOT_CLASS = YES_ERROR;
				CLANG_WARN_UNREACHABLE_CODE = YES;
				CLANG_WARN__DUPLICATE_METHOD_MATCH = YES;
				"CODE_SIGN_IDENTITY[sdk=iphoneos*]" = "iPhone Developer";
				COPY_PHASE_STRIP = NO;
				DEBUG_INFORMATION_FORMAT = dwarf;
				ENABLE_STRICT_OBJC_MSGSEND = YES;
				ENABLE_TESTABILITY = YES;
				GCC_C_LANGUAGE_STANDARD = gnu99;
				GCC_DYNAMIC_NO_PIC = NO;
				GCC_NO_COMMON_BLOCKS = YES;
				GCC_OPTIMIZATION_LEVEL = 0;
				GCC_PREPROCESSOR_DEFINITIONS = (
					"DEBUG=1",
					"$(inherited)",
				);
				GCC_WARN_64_TO_32_BIT_CONVERSION = YES;
				GCC_WARN_ABOUT_RETURN_TYPE = YES_ERROR;
				GCC_WARN_UNDECLARED_SELECTOR = YES;
				GCC_WARN_UNINITIALIZED_AUTOS = YES_AGGRESSIVE;
				GCC_WARN_UNUSED_FUNCTION = YES;
				GCC_WARN_UNUSED_VARIABLE = YES;
				IPHONEOS_DEPLOYMENT_TARGET = 9.0;
				MTL_ENABLE_DEBUG_INFO = YES;
				ONLY_ACTIVE_ARCH = YES;
				SDKROOT = iphoneos;
				SWIFT_OPTIMIZATION_LEVEL = "-Onone";
				TARGETED_DEVICE_FAMILY = "1,2";
			};
			name = Debug;
		};
		525FD1E11BC4D4B2006A2060 /* Release */ = {
			isa = XCBuildConfiguration;
			buildSettings = {
				ALWAYS_SEARCH_USER_PATHS = NO;
				CLANG_CXX_LANGUAGE_STANDARD = "gnu++0x";
				CLANG_CXX_LIBRARY = "libc++";
				CLANG_ENABLE_MODULES = YES;
				CLANG_ENABLE_OBJC_ARC = YES;
				CLANG_WARN_BOOL_CONVERSION = YES;
				CLANG_WARN_CONSTANT_CONVERSION = YES;
				CLANG_WARN_DIRECT_OBJC_ISA_USAGE = YES_ERROR;
				CLANG_WARN_EMPTY_BODY = YES;
				CLANG_WARN_ENUM_CONVERSION = YES;
				CLANG_WARN_INT_CONVERSION = YES;
				CLANG_WARN_OBJC_ROOT_CLASS = YES_ERROR;
				CLANG_WARN_UNREACHABLE_CODE = YES;
				CLANG_WARN__DUPLICATE_METHOD_MATCH = YES;
				"CODE_SIGN_IDENTITY[sdk=iphoneos*]" = "iPhone Developer";
				COPY_PHASE_STRIP = NO;
				DEBUG_INFORMATION_FORMAT = "dwarf-with-dsym";
				ENABLE_NS_ASSERTIONS = NO;
				ENABLE_STRICT_OBJC_MSGSEND = YES;
				GCC_C_LANGUAGE_STANDARD = gnu99;
				GCC_NO_COMMON_BLOCKS = YES;
				GCC_WARN_64_TO_32_BIT_CONVERSION = YES;
				GCC_WARN_ABOUT_RETURN_TYPE = YES_ERROR;
				GCC_WARN_UNDECLARED_SELECTOR = YES;
				GCC_WARN_UNINITIALIZED_AUTOS = YES_AGGRESSIVE;
				GCC_WARN_UNUSED_FUNCTION = YES;
				GCC_WARN_UNUSED_VARIABLE = YES;
				IPHONEOS_DEPLOYMENT_TARGET = 9.0;
				MTL_ENABLE_DEBUG_INFO = NO;
				SDKROOT = iphoneos;
				TARGETED_DEVICE_FAMILY = "1,2";
				VALIDATE_PRODUCT = YES;
			};
			name = Release;
		};
		525FD1E31BC4D4B2006A2060 /* Debug */ = {
			isa = XCBuildConfiguration;
			buildSettings = {
				ASSETCATALOG_COMPILER_APPICON_NAME = AppIcon;
				INFOPLIST_FILE = TableViewCellInsertAnimation/Info.plist;
				LD_RUNPATH_SEARCH_PATHS = "$(inherited) @executable_path/Frameworks";
				PRODUCT_BUNDLE_IDENTIFIER = com.johnregner.TableViewCellInsertAnimation;
				PRODUCT_NAME = "$(TARGET_NAME)";
			};
			name = Debug;
		};
		525FD1E41BC4D4B2006A2060 /* Release */ = {
			isa = XCBuildConfiguration;
			buildSettings = {
				ASSETCATALOG_COMPILER_APPICON_NAME = AppIcon;
				INFOPLIST_FILE = TableViewCellInsertAnimation/Info.plist;
				LD_RUNPATH_SEARCH_PATHS = "$(inherited) @executable_path/Frameworks";
				PRODUCT_BUNDLE_IDENTIFIER = com.johnregner.TableViewCellInsertAnimation;
				PRODUCT_NAME = "$(TARGET_NAME)";
			};
			name = Release;
		};
/* End XCBuildConfiguration section */

/* Begin XCConfigurationList section */
		525FD1CB1BC4D4B2006A2060 /* Build configuration list for PBXProject "TableViewCellInsertAnimation" */ = {
			isa = XCConfigurationList;
			buildConfigurations = (
				525FD1E01BC4D4B2006A2060 /* Debug */,
				525FD1E11BC4D4B2006A2060 /* Release */,
			);
			defaultConfigurationIsVisible = 0;
			defaultConfigurationName = Release;
		};
		525FD1E21BC4D4B2006A2060 /* Build configuration list for PBXNativeTarget "TableViewCellInsertAnimation" */ = {
			isa = XCConfigurationList;
			buildConfigurations = (
				525FD1E31BC4D4B2006A2060 /* Debug */,
				525FD1E41BC4D4B2006A2060 /* Release */,
			);
			defaultConfigurationIsVisible = 0;
		};
/* End XCConfigurationList section */
	};
	rootObject = 525FD1C81BC4D4B2006A2060 /* Project object */;
}
